
Microsoft Visual Studio Solution File, Format Version 12.00
# Visual Studio 2012
Project("{FAE04EC0-301F-11D3-BF4B-00C04F79EFBC}") = "CloudBackup", "CloudBackup\CloudBackup.csproj", "{7938EA58-8B23-43D1-9389-7FBC93B3D3F0}"
EndProject
Project("{FAE04EC0-301F-11D3-BF4B-00C04F79EFBC}") = "CloudBackup.Test", "CloudBackup.Test\CloudBackup.Test.csproj", "{1E0F1E50-6105-4A4B-989A-F01CCD1093DA}"
EndProject
Project("{FAE04EC0-301F-11D3-BF4B-00C04F79EFBC}") = "CloudBackup.Manager", "CloudBackup.Manager\CloudBackup.Manager.csproj", "{5F7B7B30-1C46-42AA-8399-5945DA159891}"
EndProject
Project("{FAE04EC0-301F-11D3-BF4B-00C04F79EFBC}") = "CloudBackup.API", "CloudBackup.API\CloudBackup.API.csproj", "{0B4EACEA-93B4-4205-841F-54A474C475C7}"
EndProject
Global
	GlobalSection(SolutionConfigurationPlatforms) = preSolution
		Debug|Any CPU = Debug|Any CPU
		Release|Any CPU = Release|Any CPU
	EndGlobalSection
	GlobalSection(ProjectConfigurationPlatforms) = postSolution
		{7938EA58-8B23-43D1-9389-7FBC93B3D3F0}.Debug|Any CPU.ActiveCfg = Debug|Any CPU
		{7938EA58-8B23-43D1-9389-7FBC93B3D3F0}.Debug|Any CPU.Build.0 = Debug|Any CPU
		{7938EA58-8B23-43D1-9389-7FBC93B3D3F0}.Release|Any CPU.ActiveCfg = Release|Any CPU
		{7938EA58-8B23-43D1-9389-7FBC93B3D3F0}.Release|Any CPU.Build.0 = Release|Any CPU
		{1E0F1E50-6105-4A4B-989A-F01CCD1093DA}.Debug|Any CPU.ActiveCfg = Debug|Any CPU
		{1E0F1E50-6105-4A4B-989A-F01CCD1093DA}.Debug|Any CPU.Build.0 = Debug|Any CPU
		{1E0F1E50-6105-4A4B-989A-F01CCD1093DA}.Release|Any CPU.ActiveCfg = Release|Any CPU
		{1E0F1E50-6105-4A4B-989A-F01CCD1093DA}.Release|Any CPU.Build.0 = Release|Any CPU
		{5F7B7B30-1C46-42AA-8399-5945DA159891}.Debug|Any CPU.ActiveCfg = Debug|Any CPU
		{5F7B7B30-1C46-42AA-8399-5945DA159891}.Debug|Any CPU.Build.0 = Debug|Any CPU
		{5F7B7B30-1C46-42AA-8399-5945DA159891}.Release|Any CPU.ActiveCfg = Release|Any CPU
		{5F7B7B30-1C46-42AA-8399-5945DA159891}.Release|Any CPU.Build.0 = Release|Any CPU
		{0B4EACEA-93B4-4205-841F-54A474C475C7}.Debug|Any CPU.ActiveCfg = Debug|Any CPU
		{0B4EACEA-93B4-4205-841F-54A474C475C7}.Debug|Any CPU.Build.0 = Debug|Any CPU
		{0B4EACEA-93B4-4205-841F-54A474C475C7}.Release|Any CPU.ActiveCfg = Release|Any CPU
		{0B4EACEA-93B4-4205-841F-54A474C475C7}.Release|Any CPU.Build.0 = Release|Any CPU
	EndGlobalSection
	GlobalSection(SolutionProperties) = preSolution
		HideSolutionNode = FALSE
	EndGlobalSection
EndGlobal
